{
  "requires": true,
  "lockfileVersion": 1,
  "dependencies": {
    "daisyui": {
      "version": "1.23.0",
      "resolved": "https://registry.npmjs.org/daisyui/-/daisyui-1.23.0.tgz",
      "integrity": "sha512-qVH4NJCE6O8FtzdcLp5dJjewF72qxJIerbfysuxGdIx5FOJ9MNUC72zYdC9Pi4usDUzr3GAW71iZ7Ot3V0G1qg==",
      "dev": true
    }
  }
}
